
Microsoft Visual Studio Solution File, Format Version 12.00
# Visual Studio Version 17
VisualStudioVersion = 17.5.33516.290
MinimumVisualStudioVersion = 10.0.40219.1
Project("{9A19103F-16F7-4668-BE54-9A1E7A4F7556}") = "Dominio", "Dominio\Dominio.csproj", "{A1AF32ED-8493-4212-9D13-4ECAC1C657BA}"
EndProject
Project("{FAE04EC0-301F-11D3-BF4B-00C04F79EFBC}") = "InterfazConsola", "InterfazConsola\InterfazConsola.csproj", "{441DB4ED-DBB8-4B95-BF66-5ECD38AE2EB3}"
EndProject
Global
	GlobalSection(SolutionConfigurationPlatforms) = preSolution
		Debug|Any CPU = Debug|Any CPU
		Release|Any CPU = Release|Any CPU
	EndGlobalSection
	GlobalSection(ProjectConfigurationPlatforms) = postSolution
		{A1AF32ED-8493-4212-9D13-4ECAC1C657BA}.Debug|Any CPU.ActiveCfg = Debug|Any CPU
		{A1AF32ED-8493-4212-9D13-4ECAC1C657BA}.Debug|Any CPU.Build.0 = Debug|Any CPU
		{A1AF32ED-8493-4212-9D13-4ECAC1C657BA}.Release|Any CPU.ActiveCfg = Release|Any CPU
		{A1AF32ED-8493-4212-9D13-4ECAC1C657BA}.Release|Any CPU.Build.0 = Release|Any CPU
		{441DB4ED-DBB8-4B95-BF66-5ECD38AE2EB3}.Debug|Any CPU.ActiveCfg = Debug|Any CPU
		{441DB4ED-DBB8-4B95-BF66-5ECD38AE2EB3}.Debug|Any CPU.Build.0 = Debug|Any CPU
		{441DB4ED-DBB8-4B95-BF66-5ECD38AE2EB3}.Release|Any CPU.ActiveCfg = Release|Any CPU
		{441DB4ED-DBB8-4B95-BF66-5ECD38AE2EB3}.Release|Any CPU.Build.0 = Release|Any CPU
	EndGlobalSection
	GlobalSection(SolutionProperties) = preSolution
		HideSolutionNode = FALSE
	EndGlobalSection
	GlobalSection(ExtensibilityGlobals) = postSolution
		SolutionGuid = {C373C185-001C-44D2-A5DD-1F22AA9D6584}
	EndGlobalSection
EndGlobal
